
Microsoft Visual Studio Solution File, Format Version 12.00
# Visual Studio Version 17
VisualStudioVersion = 17.8.34511.84
MinimumVisualStudioVersion = 10.0.40219.1
Project("{FAE04EC0-301F-11D3-BF4B-00C04F79EFBC}") = "U4-W3-D5", "U4-W3-D5\U4-W3-D5.csproj", "{CE3EFDFB-A133-46CD-8688-CDB5CB30BE02}"
EndProject
Global
	GlobalSection(SolutionConfigurationPlatforms) = preSolution
		Debug|Any CPU = Debug|Any CPU
		Release|Any CPU = Release|Any CPU
	EndGlobalSection
	GlobalSection(ProjectConfigurationPlatforms) = postSolution
		{CE3EFDFB-A133-46CD-8688-CDB5CB30BE02}.Debug|Any CPU.ActiveCfg = Debug|Any CPU
		{CE3EFDFB-A133-46CD-8688-CDB5CB30BE02}.Debug|Any CPU.Build.0 = Debug|Any CPU
		{CE3EFDFB-A133-46CD-8688-CDB5CB30BE02}.Release|Any CPU.ActiveCfg = Release|Any CPU
		{CE3EFDFB-A133-46CD-8688-CDB5CB30BE02}.Release|Any CPU.Build.0 = Release|Any CPU
	EndGlobalSection
	GlobalSection(SolutionProperties) = preSolution
		HideSolutionNode = FALSE
	EndGlobalSection
	GlobalSection(ExtensibilityGlobals) = postSolution
		SolutionGuid = {16A40D0E-74F4-435B-90EE-C1DD216092C4}
	EndGlobalSection
EndGlobal
